
Microsoft Visual Studio Solution File, Format Version 12.00
# Visual Studio Version 17
VisualStudioVersion = 17.11.35327.3
MinimumVisualStudioVersion = 10.0.40219.1
Project("{FAE04EC0-301F-11D3-BF4B-00C04F79EFBC}") = "stroka", "stroka\stroka.csproj", "{4190F620-1FED-42B0-B1D2-054927E4AF85}"
EndProject
Project("{FAE04EC0-301F-11D3-BF4B-00C04F79EFBC}") = "pr9.1", "pr9.1\pr9.1.csproj", "{FFD344D0-B003-4F22-9010-91CFC1450DC5}"
EndProject
Project("{FAE04EC0-301F-11D3-BF4B-00C04F79EFBC}") = "pr9.2", "pr9.2\pr9.2.csproj", "{BB49ECC5-B8A9-4201-B9F7-E4E49427F51B}"
EndProject
Project("{FAE04EC0-301F-11D3-BF4B-00C04F79EFBC}") = "pr9.3", "pr9.3\pr9.3.csproj", "{6C616C49-4DA5-4AD2-BFA5-AA73BBFD5ED3}"
EndProject
Project("{FAE04EC0-301F-11D3-BF4B-00C04F79EFBC}") = "pr9.4", "pr9.4\pr9.4.csproj", "{FD3E6460-73E5-42D8-9BDB-DAEE73079556}"
EndProject
Project("{FAE04EC0-301F-11D3-BF4B-00C04F79EFBC}") = "pr9.5", "pr9.5\pr9.5.csproj", "{F35592F9-A2D6-4F19-A06D-97D4DB2721DE}"
EndProject
Project("{FAE04EC0-301F-11D3-BF4B-00C04F79EFBC}") = "pr9.6", "pr9.6\pr9.6.csproj", "{6AF37743-15BA-4529-A32C-557C54BD89B6}"
EndProject
Project("{FAE04EC0-301F-11D3-BF4B-00C04F79EFBC}") = "pr9.7", "pr9.7\pr9.7.csproj", "{88FC3E8B-533D-4DEF-9718-F3042229DFAB}"
EndProject
Project("{FAE04EC0-301F-11D3-BF4B-00C04F79EFBC}") = "pr9.8", "pr9.8\pr9.8.csproj", "{C15CCA63-4AFC-4556-9AE7-CF9788877B65}"
EndProject
Global
	GlobalSection(SolutionConfigurationPlatforms) = preSolution
		Debug|Any CPU = Debug|Any CPU
		Release|Any CPU = Release|Any CPU
	EndGlobalSection
	GlobalSection(ProjectConfigurationPlatforms) = postSolution
		{4190F620-1FED-42B0-B1D2-054927E4AF85}.Debug|Any CPU.ActiveCfg = Debug|Any CPU
		{4190F620-1FED-42B0-B1D2-054927E4AF85}.Debug|Any CPU.Build.0 = Debug|Any CPU
		{4190F620-1FED-42B0-B1D2-054927E4AF85}.Release|Any CPU.ActiveCfg = Release|Any CPU
		{4190F620-1FED-42B0-B1D2-054927E4AF85}.Release|Any CPU.Build.0 = Release|Any CPU
		{FFD344D0-B003-4F22-9010-91CFC1450DC5}.Debug|Any CPU.ActiveCfg = Debug|Any CPU
		{FFD344D0-B003-4F22-9010-91CFC1450DC5}.Debug|Any CPU.Build.0 = Debug|Any CPU
		{FFD344D0-B003-4F22-9010-91CFC1450DC5}.Release|Any CPU.ActiveCfg = Release|Any CPU
		{FFD344D0-B003-4F22-9010-91CFC1450DC5}.Release|Any CPU.Build.0 = Release|Any CPU
		{BB49ECC5-B8A9-4201-B9F7-E4E49427F51B}.Debug|Any CPU.ActiveCfg = Debug|Any CPU
		{BB49ECC5-B8A9-4201-B9F7-E4E49427F51B}.Debug|Any CPU.Build.0 = Debug|Any CPU
		{BB49ECC5-B8A9-4201-B9F7-E4E49427F51B}.Release|Any CPU.ActiveCfg = Release|Any CPU
		{BB49ECC5-B8A9-4201-B9F7-E4E49427F51B}.Release|Any CPU.Build.0 = Release|Any CPU
		{6C616C49-4DA5-4AD2-BFA5-AA73BBFD5ED3}.Debug|Any CPU.ActiveCfg = Debug|Any CPU
		{6C616C49-4DA5-4AD2-BFA5-AA73BBFD5ED3}.Debug|Any CPU.Build.0 = Debug|Any CPU
		{6C616C49-4DA5-4AD2-BFA5-AA73BBFD5ED3}.Release|Any CPU.ActiveCfg = Release|Any CPU
		{6C616C49-4DA5-4AD2-BFA5-AA73BBFD5ED3}.Release|Any CPU.Build.0 = Release|Any CPU
		{FD3E6460-73E5-42D8-9BDB-DAEE73079556}.Debug|Any CPU.ActiveCfg = Debug|Any CPU
		{FD3E6460-73E5-42D8-9BDB-DAEE73079556}.Debug|Any CPU.Build.0 = Debug|Any CPU
		{FD3E6460-73E5-42D8-9BDB-DAEE73079556}.Release|Any CPU.ActiveCfg = Release|Any CPU
		{FD3E6460-73E5-42D8-9BDB-DAEE73079556}.Release|Any CPU.Build.0 = Release|Any CPU
		{F35592F9-A2D6-4F19-A06D-97D4DB2721DE}.Debug|Any CPU.ActiveCfg = Debug|Any CPU
		{F35592F9-A2D6-4F19-A06D-97D4DB2721DE}.Debug|Any CPU.Build.0 = Debug|Any CPU
		{F35592F9-A2D6-4F19-A06D-97D4DB2721DE}.Release|Any CPU.ActiveCfg = Release|Any CPU
		{F35592F9-A2D6-4F19-A06D-97D4DB2721DE}.Release|Any CPU.Build.0 = Release|Any CPU
		{6AF37743-15BA-4529-A32C-557C54BD89B6}.Debug|Any CPU.ActiveCfg = Debug|Any CPU
		{6AF37743-15BA-4529-A32C-557C54BD89B6}.Debug|Any CPU.Build.0 = Debug|Any CPU
		{6AF37743-15BA-4529-A32C-557C54BD89B6}.Release|Any CPU.ActiveCfg = Release|Any CPU
		{6AF37743-15BA-4529-A32C-557C54BD89B6}.Release|Any CPU.Build.0 = Release|Any CPU
		{88FC3E8B-533D-4DEF-9718-F3042229DFAB}.Debug|Any CPU.ActiveCfg = Debug|Any CPU
		{88FC3E8B-533D-4DEF-9718-F3042229DFAB}.Debug|Any CPU.Build.0 = Debug|Any CPU
		{88FC3E8B-533D-4DEF-9718-F3042229DFAB}.Release|Any CPU.ActiveCfg = Release|Any CPU
		{88FC3E8B-533D-4DEF-9718-F3042229DFAB}.Release|Any CPU.Build.0 = Release|Any CPU
		{C15CCA63-4AFC-4556-9AE7-CF9788877B65}.Debug|Any CPU.ActiveCfg = Debug|Any CPU
		{C15CCA63-4AFC-4556-9AE7-CF9788877B65}.Debug|Any CPU.Build.0 = Debug|Any CPU
		{C15CCA63-4AFC-4556-9AE7-CF9788877B65}.Release|Any CPU.ActiveCfg = Release|Any CPU
		{C15CCA63-4AFC-4556-9AE7-CF9788877B65}.Release|Any CPU.Build.0 = Release|Any CPU
	EndGlobalSection
	GlobalSection(SolutionProperties) = preSolution
		HideSolutionNode = FALSE
	EndGlobalSection
	GlobalSection(ExtensibilityGlobals) = postSolution
		SolutionGuid = {9013EDA1-6D38-4B01-9015-FA246FAC3DEA}
	EndGlobalSection
EndGlobal
